
Microsoft Visual Studio Solution File, Format Version 12.00
# Visual Studio Version 17
VisualStudioVersion = 17.8.34511.84
MinimumVisualStudioVersion = 10.0.40219.1
Project("{FAE04EC0-301F-11D3-BF4B-00C04F79EFBC}") = "BE_u1_d1", "BE_u1_d1\BE_u1_d1.csproj", "{AFF555BC-D3AF-4EF1-94D1-F93EF7A9C9B7}"
EndProject
Global
	GlobalSection(SolutionConfigurationPlatforms) = preSolution
		Debug|Any CPU = Debug|Any CPU
		Release|Any CPU = Release|Any CPU
	EndGlobalSection
	GlobalSection(ProjectConfigurationPlatforms) = postSolution
		{AFF555BC-D3AF-4EF1-94D1-F93EF7A9C9B7}.Debug|Any CPU.ActiveCfg = Debug|Any CPU
		{AFF555BC-D3AF-4EF1-94D1-F93EF7A9C9B7}.Debug|Any CPU.Build.0 = Debug|Any CPU
		{AFF555BC-D3AF-4EF1-94D1-F93EF7A9C9B7}.Release|Any CPU.ActiveCfg = Release|Any CPU
		{AFF555BC-D3AF-4EF1-94D1-F93EF7A9C9B7}.Release|Any CPU.Build.0 = Release|Any CPU
	EndGlobalSection
	GlobalSection(SolutionProperties) = preSolution
		HideSolutionNode = FALSE
	EndGlobalSection
	GlobalSection(ExtensibilityGlobals) = postSolution
		SolutionGuid = {04EA246E-5E12-45FA-91F1-922F1C91DC6D}
	EndGlobalSection
EndGlobal
